
Microsoft Visual Studio Solution File, Format Version 12.00
# Visual Studio 15
VisualStudioVersion = 15.0.28307.106
MinimumVisualStudioVersion = 10.0.40219.1
Project("{FAE04EC0-301F-11D3-BF4B-00C04F79EFBC}") = "Task1", "Task1\Task1.csproj", "{B23D1834-B399-41DF-A91F-4DA28D0A7E97}"
EndProject
Project("{FAE04EC0-301F-11D3-BF4B-00C04F79EFBC}") = "Task2", "Task2\Task2.csproj", "{B58F7C7C-4052-44F6-9E47-8793179DC7F2}"
EndProject
Project("{9A19103F-16F7-4668-BE54-9A1E7A4F7556}") = "Task1Lib", "Task1Lib\Task1Lib.csproj", "{0F22032A-6D1F-406B-B22E-59DC88CFE9E4}"
EndProject
Project("{9A19103F-16F7-4668-BE54-9A1E7A4F7556}") = "Task2Lib", "Task2Lib\Task2Lib.csproj", "{204A268E-B82F-46B0-8D3E-5337F3C5BCB8}"
EndProject
Project("{FAE04EC0-301F-11D3-BF4B-00C04F79EFBC}") = "Task3", "Task3\Task3.csproj", "{CFD1B9E1-D303-4D72-9ECF-0E1BB7B80B03}"
EndProject
Project("{FAE04EC0-301F-11D3-BF4B-00C04F79EFBC}") = "Task3FiguresLib", "Task3FiguresLib\Task3FiguresLib.csproj", "{49E4AAA7-B910-4A44-AE3C-E7AD09BA198F}"
EndProject
Project("{FAE04EC0-301F-11D3-BF4B-00C04F79EFBC}") = "Task3EnumsLib", "Task3EnumsLib\Task3EnumsLib.csproj", "{9A7CC23B-413B-4B9E-8922-05D32C561521}"
EndProject
Project("{FAE04EC0-301F-11D3-BF4B-00C04F79EFBC}") = "Task4", "Task4\Task4.csproj", "{88FEFB79-A2D7-4216-9EF9-85AF321A2F10}"
EndProject
Project("{FAE04EC0-301F-11D3-BF4B-00C04F79EFBC}") = "Task4Lib", "Task4Lib\Task4Lib.csproj", "{0E71E19E-7D53-4ECD-8CC9-3974E109F944}"
EndProject
Project("{FAE04EC0-301F-11D3-BF4B-00C04F79EFBC}") = "Task5Lib", "Task5Lib\Task5Lib.csproj", "{C872D1C7-EFFA-4486-A82D-7BE50E0B20DE}"
EndProject
Project("{FAE04EC0-301F-11D3-BF4B-00C04F79EFBC}") = "Task5", "Task5\Task5.csproj", "{9227096F-2DE8-4D57-A780-25E50881AEBE}"
EndProject
Project("{FAE04EC0-301F-11D3-BF4B-00C04F79EFBC}") = "Task6", "Task6\Task6.csproj", "{A850A7B6-DDFA-4DAE-9249-443C47AF9684}"
EndProject
Project("{FAE04EC0-301F-11D3-BF4B-00C04F79EFBC}") = "Task6ORM", "Task6ORM\Task6ORM.csproj", "{3E4332EA-CF6C-46EE-ADCD-2C78C8010CA6}"
EndProject
Project("{FAE04EC0-301F-11D3-BF4B-00C04F79EFBC}") = "Task6Library", "Task6Library\Task6Library.csproj", "{FDF299E3-5E46-4E74-9AB8-E36B52E1E460}"
EndProject
Project("{FAE04EC0-301F-11D3-BF4B-00C04F79EFBC}") = "Task7Library", "Task7Library\Task7Library.csproj", "{222DD40E-46D5-4DA2-B849-0729E5473A6F}"
EndProject
Project("{FAE04EC0-301F-11D3-BF4B-00C04F79EFBC}") = "Task7ORM", "Task7ORM\Task7ORM.csproj", "{0E840569-BB24-46EF-899A-6BE83539E5E3}"
EndProject
Project("{FAE04EC0-301F-11D3-BF4B-00C04F79EFBC}") = "Task7", "Task7\Task7.csproj", "{5A76AA95-69DE-451F-A5D8-2FD86915DE30}"
EndProject
Global
	GlobalSection(SolutionConfigurationPlatforms) = preSolution
		Debug|Any CPU = Debug|Any CPU
		Release|Any CPU = Release|Any CPU
	EndGlobalSection
	GlobalSection(ProjectConfigurationPlatforms) = postSolution
		{B23D1834-B399-41DF-A91F-4DA28D0A7E97}.Debug|Any CPU.ActiveCfg = Debug|Any CPU
		{B23D1834-B399-41DF-A91F-4DA28D0A7E97}.Debug|Any CPU.Build.0 = Debug|Any CPU
		{B23D1834-B399-41DF-A91F-4DA28D0A7E97}.Release|Any CPU.ActiveCfg = Release|Any CPU
		{B23D1834-B399-41DF-A91F-4DA28D0A7E97}.Release|Any CPU.Build.0 = Release|Any CPU
		{B58F7C7C-4052-44F6-9E47-8793179DC7F2}.Debug|Any CPU.ActiveCfg = Debug|Any CPU
		{B58F7C7C-4052-44F6-9E47-8793179DC7F2}.Debug|Any CPU.Build.0 = Debug|Any CPU
		{B58F7C7C-4052-44F6-9E47-8793179DC7F2}.Release|Any CPU.ActiveCfg = Release|Any CPU
		{B58F7C7C-4052-44F6-9E47-8793179DC7F2}.Release|Any CPU.Build.0 = Release|Any CPU
		{0F22032A-6D1F-406B-B22E-59DC88CFE9E4}.Debug|Any CPU.ActiveCfg = Debug|Any CPU
		{0F22032A-6D1F-406B-B22E-59DC88CFE9E4}.Debug|Any CPU.Build.0 = Debug|Any CPU
		{0F22032A-6D1F-406B-B22E-59DC88CFE9E4}.Release|Any CPU.ActiveCfg = Release|Any CPU
		{0F22032A-6D1F-406B-B22E-59DC88CFE9E4}.Release|Any CPU.Build.0 = Release|Any CPU
		{204A268E-B82F-46B0-8D3E-5337F3C5BCB8}.Debug|Any CPU.ActiveCfg = Debug|Any CPU
		{204A268E-B82F-46B0-8D3E-5337F3C5BCB8}.Debug|Any CPU.Build.0 = Debug|Any CPU
		{204A268E-B82F-46B0-8D3E-5337F3C5BCB8}.Release|Any CPU.ActiveCfg = Release|Any CPU
		{204A268E-B82F-46B0-8D3E-5337F3C5BCB8}.Release|Any CPU.Build.0 = Release|Any CPU
		{CFD1B9E1-D303-4D72-9ECF-0E1BB7B80B03}.Debug|Any CPU.ActiveCfg = Debug|Any CPU
		{CFD1B9E1-D303-4D72-9ECF-0E1BB7B80B03}.Debug|Any CPU.Build.0 = Debug|Any CPU
		{CFD1B9E1-D303-4D72-9ECF-0E1BB7B80B03}.Release|Any CPU.ActiveCfg = Release|Any CPU
		{CFD1B9E1-D303-4D72-9ECF-0E1BB7B80B03}.Release|Any CPU.Build.0 = Release|Any CPU
		{49E4AAA7-B910-4A44-AE3C-E7AD09BA198F}.Debug|Any CPU.ActiveCfg = Debug|Any CPU
		{49E4AAA7-B910-4A44-AE3C-E7AD09BA198F}.Debug|Any CPU.Build.0 = Debug|Any CPU
		{49E4AAA7-B910-4A44-AE3C-E7AD09BA198F}.Release|Any CPU.ActiveCfg = Release|Any CPU
		{49E4AAA7-B910-4A44-AE3C-E7AD09BA198F}.Release|Any CPU.Build.0 = Release|Any CPU
		{9A7CC23B-413B-4B9E-8922-05D32C561521}.Debug|Any CPU.ActiveCfg = Debug|Any CPU
		{9A7CC23B-413B-4B9E-8922-05D32C561521}.Debug|Any CPU.Build.0 = Debug|Any CPU
		{9A7CC23B-413B-4B9E-8922-05D32C561521}.Release|Any CPU.ActiveCfg = Release|Any CPU
		{9A7CC23B-413B-4B9E-8922-05D32C561521}.Release|Any CPU.Build.0 = Release|Any CPU
		{88FEFB79-A2D7-4216-9EF9-85AF321A2F10}.Debug|Any CPU.ActiveCfg = Debug|Any CPU
		{88FEFB79-A2D7-4216-9EF9-85AF321A2F10}.Debug|Any CPU.Build.0 = Debug|Any CPU
		{88FEFB79-A2D7-4216-9EF9-85AF321A2F10}.Release|Any CPU.ActiveCfg = Release|Any CPU
		{88FEFB79-A2D7-4216-9EF9-85AF321A2F10}.Release|Any CPU.Build.0 = Release|Any CPU
		{0E71E19E-7D53-4ECD-8CC9-3974E109F944}.Debug|Any CPU.ActiveCfg = Debug|Any CPU
		{0E71E19E-7D53-4ECD-8CC9-3974E109F944}.Debug|Any CPU.Build.0 = Debug|Any CPU
		{0E71E19E-7D53-4ECD-8CC9-3974E109F944}.Release|Any CPU.ActiveCfg = Release|Any CPU
		{0E71E19E-7D53-4ECD-8CC9-3974E109F944}.Release|Any CPU.Build.0 = Release|Any CPU
		{C872D1C7-EFFA-4486-A82D-7BE50E0B20DE}.Debug|Any CPU.ActiveCfg = Debug|Any CPU
		{C872D1C7-EFFA-4486-A82D-7BE50E0B20DE}.Debug|Any CPU.Build.0 = Debug|Any CPU
		{C872D1C7-EFFA-4486-A82D-7BE50E0B20DE}.Release|Any CPU.ActiveCfg = Release|Any CPU
		{C872D1C7-EFFA-4486-A82D-7BE50E0B20DE}.Release|Any CPU.Build.0 = Release|Any CPU
		{9227096F-2DE8-4D57-A780-25E50881AEBE}.Debug|Any CPU.ActiveCfg = Debug|Any CPU
		{9227096F-2DE8-4D57-A780-25E50881AEBE}.Debug|Any CPU.Build.0 = Debug|Any CPU
		{9227096F-2DE8-4D57-A780-25E50881AEBE}.Release|Any CPU.ActiveCfg = Release|Any CPU
		{9227096F-2DE8-4D57-A780-25E50881AEBE}.Release|Any CPU.Build.0 = Release|Any CPU
		{A850A7B6-DDFA-4DAE-9249-443C47AF9684}.Debug|Any CPU.ActiveCfg = Debug|Any CPU
		{A850A7B6-DDFA-4DAE-9249-443C47AF9684}.Debug|Any CPU.Build.0 = Debug|Any CPU
		{A850A7B6-DDFA-4DAE-9249-443C47AF9684}.Release|Any CPU.ActiveCfg = Release|Any CPU
		{A850A7B6-DDFA-4DAE-9249-443C47AF9684}.Release|Any CPU.Build.0 = Release|Any CPU
		{3E4332EA-CF6C-46EE-ADCD-2C78C8010CA6}.Debug|Any CPU.ActiveCfg = Debug|Any CPU
		{3E4332EA-CF6C-46EE-ADCD-2C78C8010CA6}.Debug|Any CPU.Build.0 = Debug|Any CPU
		{3E4332EA-CF6C-46EE-ADCD-2C78C8010CA6}.Release|Any CPU.ActiveCfg = Release|Any CPU
		{3E4332EA-CF6C-46EE-ADCD-2C78C8010CA6}.Release|Any CPU.Build.0 = Release|Any CPU
		{FDF299E3-5E46-4E74-9AB8-E36B52E1E460}.Debug|Any CPU.ActiveCfg = Debug|Any CPU
		{FDF299E3-5E46-4E74-9AB8-E36B52E1E460}.Debug|Any CPU.Build.0 = Debug|Any CPU
		{FDF299E3-5E46-4E74-9AB8-E36B52E1E460}.Release|Any CPU.ActiveCfg = Release|Any CPU
		{FDF299E3-5E46-4E74-9AB8-E36B52E1E460}.Release|Any CPU.Build.0 = Release|Any CPU
		{222DD40E-46D5-4DA2-B849-0729E5473A6F}.Debug|Any CPU.ActiveCfg = Debug|Any CPU
		{222DD40E-46D5-4DA2-B849-0729E5473A6F}.Debug|Any CPU.Build.0 = Debug|Any CPU
		{222DD40E-46D5-4DA2-B849-0729E5473A6F}.Release|Any CPU.ActiveCfg = Release|Any CPU
		{222DD40E-46D5-4DA2-B849-0729E5473A6F}.Release|Any CPU.Build.0 = Release|Any CPU
		{0E840569-BB24-46EF-899A-6BE83539E5E3}.Debug|Any CPU.ActiveCfg = Debug|Any CPU
		{0E840569-BB24-46EF-899A-6BE83539E5E3}.Debug|Any CPU.Build.0 = Debug|Any CPU
		{0E840569-BB24-46EF-899A-6BE83539E5E3}.Release|Any CPU.ActiveCfg = Release|Any CPU
		{0E840569-BB24-46EF-899A-6BE83539E5E3}.Release|Any CPU.Build.0 = Release|Any CPU
		{5A76AA95-69DE-451F-A5D8-2FD86915DE30}.Debug|Any CPU.ActiveCfg = Debug|Any CPU
		{5A76AA95-69DE-451F-A5D8-2FD86915DE30}.Debug|Any CPU.Build.0 = Debug|Any CPU
		{5A76AA95-69DE-451F-A5D8-2FD86915DE30}.Release|Any CPU.ActiveCfg = Release|Any CPU
		{5A76AA95-69DE-451F-A5D8-2FD86915DE30}.Release|Any CPU.Build.0 = Release|Any CPU
	EndGlobalSection
	GlobalSection(SolutionProperties) = preSolution
		HideSolutionNode = FALSE
	EndGlobalSection
	GlobalSection(ExtensibilityGlobals) = postSolution
		SolutionGuid = {27886C47-DB3A-40C2-9F99-E36F10A93E83}
	EndGlobalSection
EndGlobal
