
Microsoft Visual Studio Solution File, Format Version 12.00
# Visual Studio 15
VisualStudioVersion = 15.0.28307.106
MinimumVisualStudioVersion = 10.0.40219.1
Project("{FAE04EC0-301F-11D3-BF4B-00C04F79EFBC}") = "Task1", "Task1\Task1.csproj", "{B23D1834-B399-41DF-A91F-4DA28D0A7E97}"
EndProject
Project("{FAE04EC0-301F-11D3-BF4B-00C04F79EFBC}") = "Task2", "Task2\Task2.csproj", "{B58F7C7C-4052-44F6-9E47-8793179DC7F2}"
EndProject
Project("{9A19103F-16F7-4668-BE54-9A1E7A4F7556}") = "Task1Lib", "Task1Lib\Task1Lib.csproj", "{0F22032A-6D1F-406B-B22E-59DC88CFE9E4}"
EndProject
Project("{9A19103F-16F7-4668-BE54-9A1E7A4F7556}") = "Task2Lib", "Task2Lib\Task2Lib.csproj", "{204A268E-B82F-46B0-8D3E-5337F3C5BCB8}"
EndProject
Project("{FAE04EC0-301F-11D3-BF4B-00C04F79EFBC}") = "Task3", "Task3\Task3.csproj", "{CFD1B9E1-D303-4D72-9ECF-0E1BB7B80B03}"
EndProject
Project("{FAE04EC0-301F-11D3-BF4B-00C04F79EFBC}") = "Task3FiguresLib", "Task3FiguresLib\Task3FiguresLib.csproj", "{49E4AAA7-B910-4A44-AE3C-E7AD09BA198F}"
EndProject
Project("{FAE04EC0-301F-11D3-BF4B-00C04F79EFBC}") = "Task3EnumsLib", "Task3EnumsLib\Task3EnumsLib.csproj", "{9A7CC23B-413B-4B9E-8922-05D32C561521}"
EndProject
Project("{FAE04EC0-301F-11D3-BF4B-00C04F79EFBC}") = "Task4", "Task4\Task4.csproj", "{88FEFB79-A2D7-4216-9EF9-85AF321A2F10}"
EndProject
Project("{FAE04EC0-301F-11D3-BF4B-00C04F79EFBC}") = "Task4Lib", "Task4Lib\Task4Lib.csproj", "{0E71E19E-7D53-4ECD-8CC9-3974E109F944}"
EndProject
Global
	GlobalSection(SolutionConfigurationPlatforms) = preSolution
		Debug|Any CPU = Debug|Any CPU
		Release|Any CPU = Release|Any CPU
	EndGlobalSection
	GlobalSection(ProjectConfigurationPlatforms) = postSolution
		{B23D1834-B399-41DF-A91F-4DA28D0A7E97}.Debug|Any CPU.ActiveCfg = Debug|Any CPU
		{B23D1834-B399-41DF-A91F-4DA28D0A7E97}.Debug|Any CPU.Build.0 = Debug|Any CPU
		{B23D1834-B399-41DF-A91F-4DA28D0A7E97}.Release|Any CPU.ActiveCfg = Release|Any CPU
		{B23D1834-B399-41DF-A91F-4DA28D0A7E97}.Release|Any CPU.Build.0 = Release|Any CPU
		{B58F7C7C-4052-44F6-9E47-8793179DC7F2}.Debug|Any CPU.ActiveCfg = Debug|Any CPU
		{B58F7C7C-4052-44F6-9E47-8793179DC7F2}.Debug|Any CPU.Build.0 = Debug|Any CPU
		{B58F7C7C-4052-44F6-9E47-8793179DC7F2}.Release|Any CPU.ActiveCfg = Release|Any CPU
		{B58F7C7C-4052-44F6-9E47-8793179DC7F2}.Release|Any CPU.Build.0 = Release|Any CPU
		{0F22032A-6D1F-406B-B22E-59DC88CFE9E4}.Debug|Any CPU.ActiveCfg = Debug|Any CPU
		{0F22032A-6D1F-406B-B22E-59DC88CFE9E4}.Debug|Any CPU.Build.0 = Debug|Any CPU
		{0F22032A-6D1F-406B-B22E-59DC88CFE9E4}.Release|Any CPU.ActiveCfg = Release|Any CPU
		{0F22032A-6D1F-406B-B22E-59DC88CFE9E4}.Release|Any CPU.Build.0 = Release|Any CPU
		{204A268E-B82F-46B0-8D3E-5337F3C5BCB8}.Debug|Any CPU.ActiveCfg = Debug|Any CPU
		{204A268E-B82F-46B0-8D3E-5337F3C5BCB8}.Debug|Any CPU.Build.0 = Debug|Any CPU
		{204A268E-B82F-46B0-8D3E-5337F3C5BCB8}.Release|Any CPU.ActiveCfg = Release|Any CPU
		{204A268E-B82F-46B0-8D3E-5337F3C5BCB8}.Release|Any CPU.Build.0 = Release|Any CPU
		{CFD1B9E1-D303-4D72-9ECF-0E1BB7B80B03}.Debug|Any CPU.ActiveCfg = Debug|Any CPU
		{CFD1B9E1-D303-4D72-9ECF-0E1BB7B80B03}.Debug|Any CPU.Build.0 = Debug|Any CPU
		{CFD1B9E1-D303-4D72-9ECF-0E1BB7B80B03}.Release|Any CPU.ActiveCfg = Release|Any CPU
		{CFD1B9E1-D303-4D72-9ECF-0E1BB7B80B03}.Release|Any CPU.Build.0 = Release|Any CPU
		{49E4AAA7-B910-4A44-AE3C-E7AD09BA198F}.Debug|Any CPU.ActiveCfg = Debug|Any CPU
		{49E4AAA7-B910-4A44-AE3C-E7AD09BA198F}.Debug|Any CPU.Build.0 = Debug|Any CPU
		{49E4AAA7-B910-4A44-AE3C-E7AD09BA198F}.Release|Any CPU.ActiveCfg = Release|Any CPU
		{49E4AAA7-B910-4A44-AE3C-E7AD09BA198F}.Release|Any CPU.Build.0 = Release|Any CPU
		{9A7CC23B-413B-4B9E-8922-05D32C561521}.Debug|Any CPU.ActiveCfg = Debug|Any CPU
		{9A7CC23B-413B-4B9E-8922-05D32C561521}.Debug|Any CPU.Build.0 = Debug|Any CPU
		{9A7CC23B-413B-4B9E-8922-05D32C561521}.Release|Any CPU.ActiveCfg = Release|Any CPU
		{9A7CC23B-413B-4B9E-8922-05D32C561521}.Release|Any CPU.Build.0 = Release|Any CPU
		{88FEFB79-A2D7-4216-9EF9-85AF321A2F10}.Debug|Any CPU.ActiveCfg = Debug|Any CPU
		{88FEFB79-A2D7-4216-9EF9-85AF321A2F10}.Debug|Any CPU.Build.0 = Debug|Any CPU
		{88FEFB79-A2D7-4216-9EF9-85AF321A2F10}.Release|Any CPU.ActiveCfg = Release|Any CPU
		{88FEFB79-A2D7-4216-9EF9-85AF321A2F10}.Release|Any CPU.Build.0 = Release|Any CPU
		{0E71E19E-7D53-4ECD-8CC9-3974E109F944}.Debug|Any CPU.ActiveCfg = Debug|Any CPU
		{0E71E19E-7D53-4ECD-8CC9-3974E109F944}.Debug|Any CPU.Build.0 = Debug|Any CPU
		{0E71E19E-7D53-4ECD-8CC9-3974E109F944}.Release|Any CPU.ActiveCfg = Release|Any CPU
		{0E71E19E-7D53-4ECD-8CC9-3974E109F944}.Release|Any CPU.Build.0 = Release|Any CPU
	EndGlobalSection
	GlobalSection(SolutionProperties) = preSolution
		HideSolutionNode = FALSE
	EndGlobalSection
	GlobalSection(ExtensibilityGlobals) = postSolution
		SolutionGuid = {27886C47-DB3A-40C2-9F99-E36F10A93E83}
	EndGlobalSection
EndGlobal
